
Microsoft Visual Studio Solution File, Format Version 12.00
# Visual Studio Version 17
VisualStudioVersion = 17.0.31903.59
MinimumVisualStudioVersion = 10.0.40219.1
Project("{2150E333-8FDC-42A3-9474-1A3956D46DE8}") = "src", "src", "{827E0CD3-B72D-47B6-A68D-7590B98EB39B}"
EndProject
Project("{FAE04EC0-301F-11D3-BF4B-00C04F79EFBC}") = "Neftyanik.Portal.Domain", "src\Neftyanik.Portal.Domain\Neftyanik.Portal.Domain.csproj", "{EFB93912-FA67-4769-BC9D-CFDAC0FCCBE2}"
EndProject
Project("{FAE04EC0-301F-11D3-BF4B-00C04F79EFBC}") = "Neftyanik.Portal.Application", "src\Neftyanik.Portal.Application\Neftyanik.Portal.Application.csproj", "{B9015CEC-46DB-4043-B448-9B55BBA73671}"
EndProject
Project("{FAE04EC0-301F-11D3-BF4B-00C04F79EFBC}") = "Neftyanik.Portal.Infrastructure", "src\Neftyanik.Portal.Infrastructure\Neftyanik.Portal.Infrastructure.csproj", "{245E20CD-CEB8-414E-97FB-26361B29FA11}"
EndProject
Project("{FAE04EC0-301F-11D3-BF4B-00C04F79EFBC}") = "Neftyanik.Portal.Web", "src\Neftyanik.Portal.Web\Neftyanik.Portal.Web.csproj", "{02198859-A7C1-406A-B6C6-BD270F8101B3}"
EndProject
Project("{2150E333-8FDC-42A3-9474-1A3956D46DE8}") = "tests", "tests", "{0AB3BF05-4346-4AA6-1389-037BE0695223}"
EndProject
Project("{FAE04EC0-301F-11D3-BF4B-00C04F79EFBC}") = "Neftyanik.Portal.Infrastructure.Tests", "tests\Neftyanik.Portal.Infrastructure.Tests\Neftyanik.Portal.Infrastructure.Tests.csproj", "{641F3F51-BC86-41DF-80DF-C713480CE0F4}"
EndProject
Global
	GlobalSection(SolutionConfigurationPlatforms) = preSolution
		Debug|Any CPU = Debug|Any CPU
		Debug|x64 = Debug|x64
		Debug|x86 = Debug|x86
		Release|Any CPU = Release|Any CPU
		Release|x64 = Release|x64
		Release|x86 = Release|x86
	EndGlobalSection
	GlobalSection(ProjectConfigurationPlatforms) = postSolution
		{EFB93912-FA67-4769-BC9D-CFDAC0FCCBE2}.Debug|Any CPU.ActiveCfg = Debug|Any CPU
		{EFB93912-FA67-4769-BC9D-CFDAC0FCCBE2}.Debug|Any CPU.Build.0 = Debug|Any CPU
		{EFB93912-FA67-4769-BC9D-CFDAC0FCCBE2}.Debug|x64.ActiveCfg = Debug|Any CPU
		{EFB93912-FA67-4769-BC9D-CFDAC0FCCBE2}.Debug|x64.Build.0 = Debug|Any CPU
		{EFB93912-FA67-4769-BC9D-CFDAC0FCCBE2}.Debug|x86.ActiveCfg = Debug|Any CPU
		{EFB93912-FA67-4769-BC9D-CFDAC0FCCBE2}.Debug|x86.Build.0 = Debug|Any CPU
		{EFB93912-FA67-4769-BC9D-CFDAC0FCCBE2}.Release|Any CPU.ActiveCfg = Release|Any CPU
		{EFB93912-FA67-4769-BC9D-CFDAC0FCCBE2}.Release|Any CPU.Build.0 = Release|Any CPU
		{EFB93912-FA67-4769-BC9D-CFDAC0FCCBE2}.Release|x64.ActiveCfg = Release|Any CPU
		{EFB93912-FA67-4769-BC9D-CFDAC0FCCBE2}.Release|x64.Build.0 = Release|Any CPU
		{EFB93912-FA67-4769-BC9D-CFDAC0FCCBE2}.Release|x86.ActiveCfg = Release|Any CPU
		{EFB93912-FA67-4769-BC9D-CFDAC0FCCBE2}.Release|x86.Build.0 = Release|Any CPU
		{B9015CEC-46DB-4043-B448-9B55BBA73671}.Debug|Any CPU.ActiveCfg = Debug|Any CPU
		{B9015CEC-46DB-4043-B448-9B55BBA73671}.Debug|Any CPU.Build.0 = Debug|Any CPU
		{B9015CEC-46DB-4043-B448-9B55BBA73671}.Debug|x64.ActiveCfg = Debug|Any CPU
		{B9015CEC-46DB-4043-B448-9B55BBA73671}.Debug|x64.Build.0 = Debug|Any CPU
		{B9015CEC-46DB-4043-B448-9B55BBA73671}.Debug|x86.ActiveCfg = Debug|Any CPU
		{B9015CEC-46DB-4043-B448-9B55BBA73671}.Debug|x86.Build.0 = Debug|Any CPU
		{B9015CEC-46DB-4043-B448-9B55BBA73671}.Release|Any CPU.ActiveCfg = Release|Any CPU
		{B9015CEC-46DB-4043-B448-9B55BBA73671}.Release|Any CPU.Build.0 = Release|Any CPU
		{B9015CEC-46DB-4043-B448-9B55BBA73671}.Release|x64.ActiveCfg = Release|Any CPU
		{B9015CEC-46DB-4043-B448-9B55BBA73671}.Release|x64.Build.0 = Release|Any CPU
		{B9015CEC-46DB-4043-B448-9B55BBA73671}.Release|x86.ActiveCfg = Release|Any CPU
		{B9015CEC-46DB-4043-B448-9B55BBA73671}.Release|x86.Build.0 = Release|Any CPU
		{245E20CD-CEB8-414E-97FB-26361B29FA11}.Debug|Any CPU.ActiveCfg = Debug|Any CPU
		{245E20CD-CEB8-414E-97FB-26361B29FA11}.Debug|Any CPU.Build.0 = Debug|Any CPU
		{245E20CD-CEB8-414E-97FB-26361B29FA11}.Debug|x64.ActiveCfg = Debug|Any CPU
		{245E20CD-CEB8-414E-97FB-26361B29FA11}.Debug|x64.Build.0 = Debug|Any CPU
		{245E20CD-CEB8-414E-97FB-26361B29FA11}.Debug|x86.ActiveCfg = Debug|Any CPU
		{245E20CD-CEB8-414E-97FB-26361B29FA11}.Debug|x86.Build.0 = Debug|Any CPU
		{245E20CD-CEB8-414E-97FB-26361B29FA11}.Release|Any CPU.ActiveCfg = Release|Any CPU
		{245E20CD-CEB8-414E-97FB-26361B29FA11}.Release|Any CPU.Build.0 = Release|Any CPU
		{245E20CD-CEB8-414E-97FB-26361B29FA11}.Release|x64.ActiveCfg = Release|Any CPU
		{245E20CD-CEB8-414E-97FB-26361B29FA11}.Release|x64.Build.0 = Release|Any CPU
		{245E20CD-CEB8-414E-97FB-26361B29FA11}.Release|x86.ActiveCfg = Release|Any CPU
		{245E20CD-CEB8-414E-97FB-26361B29FA11}.Release|x86.Build.0 = Release|Any CPU
		{02198859-A7C1-406A-B6C6-BD270F8101B3}.Debug|Any CPU.ActiveCfg = Debug|Any CPU
		{02198859-A7C1-406A-B6C6-BD270F8101B3}.Debug|Any CPU.Build.0 = Debug|Any CPU
		{02198859-A7C1-406A-B6C6-BD270F8101B3}.Debug|x64.ActiveCfg = Debug|Any CPU
		{02198859-A7C1-406A-B6C6-BD270F8101B3}.Debug|x64.Build.0 = Debug|Any CPU
		{02198859-A7C1-406A-B6C6-BD270F8101B3}.Debug|x86.ActiveCfg = Debug|Any CPU
		{02198859-A7C1-406A-B6C6-BD270F8101B3}.Debug|x86.Build.0 = Debug|Any CPU
		{02198859-A7C1-406A-B6C6-BD270F8101B3}.Release|Any CPU.ActiveCfg = Release|Any CPU
		{02198859-A7C1-406A-B6C6-BD270F8101B3}.Release|Any CPU.Build.0 = Release|Any CPU
		{02198859-A7C1-406A-B6C6-BD270F8101B3}.Release|x64.ActiveCfg = Release|Any CPU
		{02198859-A7C1-406A-B6C6-BD270F8101B3}.Release|x64.Build.0 = Release|Any CPU
		{02198859-A7C1-406A-B6C6-BD270F8101B3}.Release|x86.ActiveCfg = Release|Any CPU
		{02198859-A7C1-406A-B6C6-BD270F8101B3}.Release|x86.Build.0 = Release|Any CPU
		{641F3F51-BC86-41DF-80DF-C713480CE0F4}.Debug|Any CPU.ActiveCfg = Debug|Any CPU
		{641F3F51-BC86-41DF-80DF-C713480CE0F4}.Debug|Any CPU.Build.0 = Debug|Any CPU
		{641F3F51-BC86-41DF-80DF-C713480CE0F4}.Debug|x64.ActiveCfg = Debug|Any CPU
		{641F3F51-BC86-41DF-80DF-C713480CE0F4}.Debug|x64.Build.0 = Debug|Any CPU
		{641F3F51-BC86-41DF-80DF-C713480CE0F4}.Debug|x86.ActiveCfg = Debug|Any CPU
		{641F3F51-BC86-41DF-80DF-C713480CE0F4}.Debug|x86.Build.0 = Debug|Any CPU
		{641F3F51-BC86-41DF-80DF-C713480CE0F4}.Release|Any CPU.ActiveCfg = Release|Any CPU
		{641F3F51-BC86-41DF-80DF-C713480CE0F4}.Release|Any CPU.Build.0 = Release|Any CPU
		{641F3F51-BC86-41DF-80DF-C713480CE0F4}.Release|x64.ActiveCfg = Release|Any CPU
		{641F3F51-BC86-41DF-80DF-C713480CE0F4}.Release|x64.Build.0 = Release|Any CPU
		{641F3F51-BC86-41DF-80DF-C713480CE0F4}.Release|x86.ActiveCfg = Release|Any CPU
		{641F3F51-BC86-41DF-80DF-C713480CE0F4}.Release|x86.Build.0 = Release|Any CPU
	EndGlobalSection
	GlobalSection(SolutionProperties) = preSolution
		HideSolutionNode = FALSE
	EndGlobalSection
	GlobalSection(NestedProjects) = preSolution
		{EFB93912-FA67-4769-BC9D-CFDAC0FCCBE2} = {827E0CD3-B72D-47B6-A68D-7590B98EB39B}
		{B9015CEC-46DB-4043-B448-9B55BBA73671} = {827E0CD3-B72D-47B6-A68D-7590B98EB39B}
		{245E20CD-CEB8-414E-97FB-26361B29FA11} = {827E0CD3-B72D-47B6-A68D-7590B98EB39B}
		{02198859-A7C1-406A-B6C6-BD270F8101B3} = {827E0CD3-B72D-47B6-A68D-7590B98EB39B}
		{641F3F51-BC86-41DF-80DF-C713480CE0F4} = {0AB3BF05-4346-4AA6-1389-037BE0695223}
	EndGlobalSection
EndGlobal
